
Microsoft Visual Studio Solution File, Format Version 12.00
Project("{2150E333-8FDC-42A3-9474-1A3956D46DE8}") = "src", "src", "{827E0CD3-B72D-47B6-A68D-7590B98EB39B}"
EndProject
Project("{FAE04EC0-301F-11D3-BF4B-00C04F79EFBC}") = "API", "src\API\API.csproj", "{097DF334-E6EF-4661-A968-03A2DCBC92C0}"
EndProject
Project("{FAE04EC0-301F-11D3-BF4B-00C04F79EFBC}") = "ConsoleApp1", "src\ConsoleApp1\ConsoleApp1.csproj", "{0C56434C-F1B5-4CD9-9D21-D25611D16645}"
EndProject
Project("{FAE04EC0-301F-11D3-BF4B-00C04F79EFBC}") = "Application", "src\Application\Application.csproj", "{6F46CC38-70BD-40D8-9E52-6F722B52EB26}"
EndProject
Project("{FAE04EC0-301F-11D3-BF4B-00C04F79EFBC}") = "Domain", "src\Domain\Domain.csproj", "{6CE6734D-A7D7-4D80-9C10-39AC78881412}"
EndProject
Project("{FAE04EC0-301F-11D3-BF4B-00C04F79EFBC}") = "Infrastructure", "src\Infrastructure\Infrastructure.csproj", "{4D64ED2E-59A7-4F14-A141-095730EE78F0}"
EndProject
Project("{FAE04EC0-301F-11D3-BF4B-00C04F79EFBC}") = "ConsoleApp2", "src\ConsoleApp2\ConsoleApp2.csproj", "{CECACA2C-2891-41AA-9B9A-546A573EBDF7}"
EndProject
Global
	GlobalSection(SolutionConfigurationPlatforms) = preSolution
		Debug|Any CPU = Debug|Any CPU
		Debug|x64 = Debug|x64
		Debug|x86 = Debug|x86
		Release|Any CPU = Release|Any CPU
		Release|x64 = Release|x64
		Release|x86 = Release|x86
	EndGlobalSection
	GlobalSection(ProjectConfigurationPlatforms) = postSolution
		{097DF334-E6EF-4661-A968-03A2DCBC92C0}.Debug|Any CPU.ActiveCfg = Debug|Any CPU
		{097DF334-E6EF-4661-A968-03A2DCBC92C0}.Debug|Any CPU.Build.0 = Debug|Any CPU
		{097DF334-E6EF-4661-A968-03A2DCBC92C0}.Debug|x64.ActiveCfg = Debug|Any CPU
		{097DF334-E6EF-4661-A968-03A2DCBC92C0}.Debug|x64.Build.0 = Debug|Any CPU
		{097DF334-E6EF-4661-A968-03A2DCBC92C0}.Debug|x86.ActiveCfg = Debug|Any CPU
		{097DF334-E6EF-4661-A968-03A2DCBC92C0}.Debug|x86.Build.0 = Debug|Any CPU
		{097DF334-E6EF-4661-A968-03A2DCBC92C0}.Release|Any CPU.ActiveCfg = Release|Any CPU
		{097DF334-E6EF-4661-A968-03A2DCBC92C0}.Release|Any CPU.Build.0 = Release|Any CPU
		{097DF334-E6EF-4661-A968-03A2DCBC92C0}.Release|x64.ActiveCfg = Release|Any CPU
		{097DF334-E6EF-4661-A968-03A2DCBC92C0}.Release|x64.Build.0 = Release|Any CPU
		{097DF334-E6EF-4661-A968-03A2DCBC92C0}.Release|x86.ActiveCfg = Release|Any CPU
		{097DF334-E6EF-4661-A968-03A2DCBC92C0}.Release|x86.Build.0 = Release|Any CPU
		{0C56434C-F1B5-4CD9-9D21-D25611D16645}.Debug|Any CPU.ActiveCfg = Debug|Any CPU
		{0C56434C-F1B5-4CD9-9D21-D25611D16645}.Debug|Any CPU.Build.0 = Debug|Any CPU
		{0C56434C-F1B5-4CD9-9D21-D25611D16645}.Debug|x64.ActiveCfg = Debug|Any CPU
		{0C56434C-F1B5-4CD9-9D21-D25611D16645}.Debug|x64.Build.0 = Debug|Any CPU
		{0C56434C-F1B5-4CD9-9D21-D25611D16645}.Debug|x86.ActiveCfg = Debug|Any CPU
		{0C56434C-F1B5-4CD9-9D21-D25611D16645}.Debug|x86.Build.0 = Debug|Any CPU
		{0C56434C-F1B5-4CD9-9D21-D25611D16645}.Release|Any CPU.ActiveCfg = Release|Any CPU
		{0C56434C-F1B5-4CD9-9D21-D25611D16645}.Release|Any CPU.Build.0 = Release|Any CPU
		{0C56434C-F1B5-4CD9-9D21-D25611D16645}.Release|x64.ActiveCfg = Release|Any CPU
		{0C56434C-F1B5-4CD9-9D21-D25611D16645}.Release|x64.Build.0 = Release|Any CPU
		{0C56434C-F1B5-4CD9-9D21-D25611D16645}.Release|x86.ActiveCfg = Release|Any CPU
		{0C56434C-F1B5-4CD9-9D21-D25611D16645}.Release|x86.Build.0 = Release|Any CPU
		{6F46CC38-70BD-40D8-9E52-6F722B52EB26}.Debug|Any CPU.ActiveCfg = Debug|Any CPU
		{6F46CC38-70BD-40D8-9E52-6F722B52EB26}.Debug|Any CPU.Build.0 = Debug|Any CPU
		{6F46CC38-70BD-40D8-9E52-6F722B52EB26}.Debug|x64.ActiveCfg = Debug|Any CPU
		{6F46CC38-70BD-40D8-9E52-6F722B52EB26}.Debug|x64.Build.0 = Debug|Any CPU
		{6F46CC38-70BD-40D8-9E52-6F722B52EB26}.Debug|x86.ActiveCfg = Debug|Any CPU
		{6F46CC38-70BD-40D8-9E52-6F722B52EB26}.Debug|x86.Build.0 = Debug|Any CPU
		{6F46CC38-70BD-40D8-9E52-6F722B52EB26}.Release|Any CPU.ActiveCfg = Release|Any CPU
		{6F46CC38-70BD-40D8-9E52-6F722B52EB26}.Release|Any CPU.Build.0 = Release|Any CPU
		{6F46CC38-70BD-40D8-9E52-6F722B52EB26}.Release|x64.ActiveCfg = Release|Any CPU
		{6F46CC38-70BD-40D8-9E52-6F722B52EB26}.Release|x64.Build.0 = Release|Any CPU
		{6F46CC38-70BD-40D8-9E52-6F722B52EB26}.Release|x86.ActiveCfg = Release|Any CPU
		{6F46CC38-70BD-40D8-9E52-6F722B52EB26}.Release|x86.Build.0 = Release|Any CPU
		{6CE6734D-A7D7-4D80-9C10-39AC78881412}.Debug|Any CPU.ActiveCfg = Debug|Any CPU
		{6CE6734D-A7D7-4D80-9C10-39AC78881412}.Debug|Any CPU.Build.0 = Debug|Any CPU
		{6CE6734D-A7D7-4D80-9C10-39AC78881412}.Debug|x64.ActiveCfg = Debug|Any CPU
		{6CE6734D-A7D7-4D80-9C10-39AC78881412}.Debug|x64.Build.0 = Debug|Any CPU
		{6CE6734D-A7D7-4D80-9C10-39AC78881412}.Debug|x86.ActiveCfg = Debug|Any CPU
		{6CE6734D-A7D7-4D80-9C10-39AC78881412}.Debug|x86.Build.0 = Debug|Any CPU
		{6CE6734D-A7D7-4D80-9C10-39AC78881412}.Release|Any CPU.ActiveCfg = Release|Any CPU
		{6CE6734D-A7D7-4D80-9C10-39AC78881412}.Release|Any CPU.Build.0 = Release|Any CPU
		{6CE6734D-A7D7-4D80-9C10-39AC78881412}.Release|x64.ActiveCfg = Release|Any CPU
		{6CE6734D-A7D7-4D80-9C10-39AC78881412}.Release|x64.Build.0 = Release|Any CPU
		{6CE6734D-A7D7-4D80-9C10-39AC78881412}.Release|x86.ActiveCfg = Release|Any CPU
		{6CE6734D-A7D7-4D80-9C10-39AC78881412}.Release|x86.Build.0 = Release|Any CPU
		{4D64ED2E-59A7-4F14-A141-095730EE78F0}.Debug|Any CPU.ActiveCfg = Debug|Any CPU
		{4D64ED2E-59A7-4F14-A141-095730EE78F0}.Debug|Any CPU.Build.0 = Debug|Any CPU
		{4D64ED2E-59A7-4F14-A141-095730EE78F0}.Debug|x64.ActiveCfg = Debug|Any CPU
		{4D64ED2E-59A7-4F14-A141-095730EE78F0}.Debug|x64.Build.0 = Debug|Any CPU
		{4D64ED2E-59A7-4F14-A141-095730EE78F0}.Debug|x86.ActiveCfg = Debug|Any CPU
		{4D64ED2E-59A7-4F14-A141-095730EE78F0}.Debug|x86.Build.0 = Debug|Any CPU
		{4D64ED2E-59A7-4F14-A141-095730EE78F0}.Release|Any CPU.ActiveCfg = Release|Any CPU
		{4D64ED2E-59A7-4F14-A141-095730EE78F0}.Release|Any CPU.Build.0 = Release|Any CPU
		{4D64ED2E-59A7-4F14-A141-095730EE78F0}.Release|x64.ActiveCfg = Release|Any CPU
		{4D64ED2E-59A7-4F14-A141-095730EE78F0}.Release|x64.Build.0 = Release|Any CPU
		{4D64ED2E-59A7-4F14-A141-095730EE78F0}.Release|x86.ActiveCfg = Release|Any CPU
		{4D64ED2E-59A7-4F14-A141-095730EE78F0}.Release|x86.Build.0 = Release|Any CPU
		{CECACA2C-2891-41AA-9B9A-546A573EBDF7}.Debug|Any CPU.ActiveCfg = Debug|Any CPU
		{CECACA2C-2891-41AA-9B9A-546A573EBDF7}.Debug|Any CPU.Build.0 = Debug|Any CPU
		{CECACA2C-2891-41AA-9B9A-546A573EBDF7}.Debug|x64.ActiveCfg = Debug|Any CPU
		{CECACA2C-2891-41AA-9B9A-546A573EBDF7}.Debug|x64.Build.0 = Debug|Any CPU
		{CECACA2C-2891-41AA-9B9A-546A573EBDF7}.Debug|x86.ActiveCfg = Debug|Any CPU
		{CECACA2C-2891-41AA-9B9A-546A573EBDF7}.Debug|x86.Build.0 = Debug|Any CPU
		{CECACA2C-2891-41AA-9B9A-546A573EBDF7}.Release|Any CPU.ActiveCfg = Release|Any CPU
		{CECACA2C-2891-41AA-9B9A-546A573EBDF7}.Release|Any CPU.Build.0 = Release|Any CPU
		{CECACA2C-2891-41AA-9B9A-546A573EBDF7}.Release|x64.ActiveCfg = Release|Any CPU
		{CECACA2C-2891-41AA-9B9A-546A573EBDF7}.Release|x64.Build.0 = Release|Any CPU
		{CECACA2C-2891-41AA-9B9A-546A573EBDF7}.Release|x86.ActiveCfg = Release|Any CPU
		{CECACA2C-2891-41AA-9B9A-546A573EBDF7}.Release|x86.Build.0 = Release|Any CPU
	EndGlobalSection
	GlobalSection(SolutionProperties) = preSolution
		HideSolutionNode = FALSE
	EndGlobalSection
	GlobalSection(NestedProjects) = preSolution
		{097DF334-E6EF-4661-A968-03A2DCBC92C0} = {827E0CD3-B72D-47B6-A68D-7590B98EB39B}
		{0C56434C-F1B5-4CD9-9D21-D25611D16645} = {827E0CD3-B72D-47B6-A68D-7590B98EB39B}
		{6F46CC38-70BD-40D8-9E52-6F722B52EB26} = {827E0CD3-B72D-47B6-A68D-7590B98EB39B}
		{6CE6734D-A7D7-4D80-9C10-39AC78881412} = {827E0CD3-B72D-47B6-A68D-7590B98EB39B}
		{4D64ED2E-59A7-4F14-A141-095730EE78F0} = {827E0CD3-B72D-47B6-A68D-7590B98EB39B}
		{CECACA2C-2891-41AA-9B9A-546A573EBDF7} = {827E0CD3-B72D-47B6-A68D-7590B98EB39B}
	EndGlobalSection
EndGlobal
